
Microsoft Visual Studio Solution File, Format Version 12.00
# Visual Studio 2013
VisualStudioVersion = 12.0.30324.0
MinimumVisualStudioVersion = 10.0.40219.1
Project("{FAE04EC0-301F-11D3-BF4B-00C04F79EFBC}") = "SomeWebJob", "SomeWebJob\SomeWebJob.csproj", "{35407406-7530-4AA2-8B15-42BFC0418F3D}"
EndProject
Project("{FAE04EC0-301F-11D3-BF4B-00C04F79EFBC}") = "ScheduledWebJobCreator", "ScheduledWebJobCreator\ScheduledWebJobCreator.csproj", "{895F9ABC-87E0-407E-B5F3-7676C6C57CBE}"
EndProject
Global
	GlobalSection(SolutionConfigurationPlatforms) = preSolution
		Debug|Any CPU = Debug|Any CPU
		Release|Any CPU = Release|Any CPU
	EndGlobalSection
	GlobalSection(ProjectConfigurationPlatforms) = postSolution
		{35407406-7530-4AA2-8B15-42BFC0418F3D}.Debug|Any CPU.ActiveCfg = Debug|Any CPU
		{35407406-7530-4AA2-8B15-42BFC0418F3D}.Debug|Any CPU.Build.0 = Debug|Any CPU
		{35407406-7530-4AA2-8B15-42BFC0418F3D}.Release|Any CPU.ActiveCfg = Release|Any CPU
		{35407406-7530-4AA2-8B15-42BFC0418F3D}.Release|Any CPU.Build.0 = Release|Any CPU
		{895F9ABC-87E0-407E-B5F3-7676C6C57CBE}.Debug|Any CPU.ActiveCfg = Debug|Any CPU
		{895F9ABC-87E0-407E-B5F3-7676C6C57CBE}.Debug|Any CPU.Build.0 = Debug|Any CPU
		{895F9ABC-87E0-407E-B5F3-7676C6C57CBE}.Release|Any CPU.ActiveCfg = Release|Any CPU
		{895F9ABC-87E0-407E-B5F3-7676C6C57CBE}.Release|Any CPU.Build.0 = Release|Any CPU
	EndGlobalSection
	GlobalSection(SolutionProperties) = preSolution
		HideSolutionNode = FALSE
	EndGlobalSection
EndGlobal
